// !$*UTF8*$!
{
	archiveVersion = 1;
	classes = {
	};
	objectVersion = 48;
	objects = {

/* Begin PBXBuildFile section */
		97FE1E36202DEBBE001CFD70 /* AppDelegate.swift in Sources */ = {isa = PBXBuildFile; fileRef = 97FE1E35202DEBBE001CFD70 /* AppDelegate.swift */; };
		97FE1E38202DEBBE001CFD70 /* ViewController.swift in Sources */ = {isa = PBXBuildFile; fileRef = 97FE1E37202DEBBE001CFD70 /* ViewController.swift */; };
		97FE1E3B202DEBBE001CFD70 /* Main.storyboard in Resources */ = {isa = PBXBuildFile; fileRef = 97FE1E39202DEBBE001CFD70 /* Main.storyboard */; };
		97FE1E3D202DEBBE001CFD70 /* Assets.xcassets in Resources */ = {isa = PBXBuildFile; fileRef = 97FE1E3C202DEBBE001CFD70 /* Assets.xcassets */; };
		97FE1E40202DEBBE001CFD70 /* LaunchScreen.storyboard in Resources */ = {isa = PBXBuildFile; fileRef = 97FE1E3E202DEBBE001CFD70 /* LaunchScreen.storyboard */; };
		97FE1E482031AA50001CFD70 /* NetworkService.swift in Sources */ = {isa = PBXBuildFile; fileRef = 97FE1E472031AA50001CFD70 /* NetworkService.swift */; };
		FF4FB93ECE82C63A0B94A9C0 /* Pods_WebViewTest.framework in Frameworks */ = {isa = PBXBuildFile; fileRef = E509200DBC669701281A1736 /* Pods_WebViewTest.framework */; };
/* End PBXBuildFile section */

/* Begin PBXFileReference section */
		32C90E6420B3B9D3DA682FF6 /* Pods-WebViewTest.debug.xcconfig */ = {isa = PBXFileReference; includeInIndex = 1; lastKnownFileType = text.xcconfig; name = "Pods-WebViewTest.debug.xcconfig"; path = "Pods/Target Support Files/Pods-WebViewTest/Pods-WebViewTest.debug.xcconfig"; sourceTree = "<group>"; };
		45F72F195BB4F8063CB7BB66 /* Pods-WebViewTest.release.xcconfig */ = {isa = PBXFileReference; includeInIndex = 1; lastKnownFileType = text.xcconfig; name = "Pods-WebViewTest.release.xcconfig"; path = "Pods/Target Support Files/Pods-WebViewTest/Pods-WebViewTest.release.xcconfig"; sourceTree = "<group>"; };
		97FE1E32202DEBBE001CFD70 /* WebViewTest.app */ = {isa = PBXFileReference; explicitFileType = wrapper.application; includeInIndex = 0; path = WebViewTest.app; sourceTree = BUILT_PRODUCTS_DIR; };
		97FE1E35202DEBBE001CFD70 /* AppDelegate.swift */ = {isa = PBXFileReference; lastKnownFileType = sourcecode.swift; path = AppDelegate.swift; sourceTree = "<group>"; };
		97FE1E37202DEBBE001CFD70 /* ViewController.swift */ = {isa = PBXFileReference; lastKnownFileType = sourcecode.swift; path = ViewController.swift; sourceTree = "<group>"; };
		97FE1E3A202DEBBE001CFD70 /* Base */ = {isa = PBXFileReference; lastKnownFileType = file.storyboard; name = Base; path = Base.lproj/Main.storyboard; sourceTree = "<group>"; };
		97FE1E3C202DEBBE001CFD70 /* Assets.xcassets */ = {isa = PBXFileReference; lastKnownFileType = folder.assetcatalog; path = Assets.xcassets; sourceTree = "<group>"; };
		97FE1E3F202DEBBE001CFD70 /* Base */ = {isa = PBXFileReference; lastKnownFileType = file.storyboard; name = Base; path = Base.lproj/LaunchScreen.storyboard; sourceTree = "<group>"; };
		97FE1E41202DEBBE001CFD70 /* Info.plist */ = {isa = PBXFileReference; lastKnownFileType = text.plist.xml; path = Info.plist; sourceTree = "<group>"; };
		97FE1E472031AA50001CFD70 /* NetworkService.swift */ = {isa = PBXFileReference; lastKnownFileType = sourcecode.swift; path = NetworkService.swift; sourceTree = "<group>"; };
		E509200DBC669701281A1736 /* Pods_WebViewTest.framework */ = {isa = PBXFileReference; explicitFileType = wrapper.framework; includeInIndex = 0; path = Pods_WebViewTest.framework; sourceTree = BUILT_PRODUCTS_DIR; };
/* End PBXFileReference section */

/* Begin PBXFrameworksBuildPhase section */
		97FE1E2F202DEBBE001CFD70 /* Frameworks */ = {
			isa = PBXFrameworksBuildPhase;
			buildActionMask = 2147483647;
			files = (
				FF4FB93ECE82C63A0B94A9C0 /* Pods_WebViewTest.framework in Frameworks */,
			);
			runOnlyForDeploymentPostprocessing = 0;
		};
/* End PBXFrameworksBuildPhase section */

/* Begin PBXGroup section */
		5B048DB7AAE019F32DDEFCC4 /* Pods */ = {
			isa = PBXGroup;
			children = (
				32C90E6420B3B9D3DA682FF6 /* Pods-WebViewTest.debug.xcconfig */,
				45F72F195BB4F8063CB7BB66 /* Pods-WebViewTest.release.xcconfig */,
			);
			name = Pods;
			sourceTree = "<group>";
		};
		97FE1E29202DEBBE001CFD70 = {
			isa = PBXGroup;
			children = (
				97FE1E34202DEBBE001CFD70 /* WebViewTest */,
				97FE1E33202DEBBE001CFD70 /* Products */,
				5B048DB7AAE019F32DDEFCC4 /* Pods */,
				B8DB7595FA64A225BC973959 /* Frameworks */,
			);
			sourceTree = "<group>";
		};
		97FE1E33202DEBBE001CFD70 /* Products */ = {
			isa = PBXGroup;
			children = (
				97FE1E32202DEBBE001CFD70 /* WebViewTest.app */,
			);
			name = Products;
			sourceTree = "<group>";
		};
		97FE1E34202DEBBE001CFD70 /* WebViewTest */ = {
			isa = PBXGroup;
			children = (
				97FE1E35202DEBBE001CFD70 /* AppDelegate.swift */,
				97FE1E37202DEBBE001CFD70 /* ViewController.swift */,
				97FE1E39202DEBBE001CFD70 /* Main.storyboard */,
				97FE1E3C202DEBBE001CFD70 /* Assets.xcassets */,
				97FE1E3E202DEBBE001CFD70 /* LaunchScreen.storyboard */,
				97FE1E41202DEBBE001CFD70 /* Info.plist */,
				97FE1E472031AA50001CFD70 /* NetworkService.swift */,
			);
			path = WebViewTest;
			sourceTree = "<group>";
		};
		B8DB7595FA64A225BC973959 /* Frameworks */ = {
			isa = PBXGroup;
			children = (
				E509200DBC669701281A1736 /* Pods_WebViewTest.framework */,
			);
			name = Frameworks;
			sourceTree = "<group>";
		};
/* End PBXGroup section */

/* Begin PBXNativeTarget section */
		97FE1E31202DEBBE001CFD70 /* WebViewTest */ = {
			isa = PBXNativeTarget;
			buildConfigurationList = 97FE1E44202DEBBE001CFD70 /* Build configuration list for PBXNativeTarget "WebViewTest" */;
			buildPhases = (
				A17815F038EB25F0CC4E4781 /* [CP] Check Pods Manifest.lock */,
				97FE1E2E202DEBBE001CFD70 /* Sources */,
				97FE1E2F202DEBBE001CFD70 /* Frameworks */,
				97FE1E30202DEBBE001CFD70 /* Resources */,
				19F884E357033B6CD762B299 /* [CP] Embed Pods Frameworks */,
				7DF85A139AAC6E8EDAA96952 /* [CP] Copy Pods Resources */,
			);
			buildRules = (
			);
			dependencies = (
			);
			name = WebViewTest;
			productName = WebViewTest;
			productReference = 97FE1E32202DEBBE001CFD70 /* WebViewTest.app */;
			productType = "com.apple.product-type.application";
		};
/* End PBXNativeTarget section */

/* Begin PBXProject section */
		97FE1E2A202DEBBE001CFD70 /* Project object */ = {
			isa = PBXProject;
			attributes = {
				LastSwiftUpdateCheck = 0920;
				LastUpgradeCheck = 0920;
				ORGANIZATIONNAME = "Manuel Schulze";
				TargetAttributes = {
					97FE1E31202DEBBE001CFD70 = {
						CreatedOnToolsVersion = 9.2;
						ProvisioningStyle = Automatic;
					};
				};
			};
			buildConfigurationList = 97FE1E2D202DEBBE001CFD70 /* Build configuration list for PBXProject "WebViewTest" */;
			compatibilityVersion = "Xcode 8.0";
			developmentRegion = en;
			hasScannedForEncodings = 0;
			knownRegions = (
				en,
				Base,
			);
			mainGroup = 97FE1E29202DEBBE001CFD70;
			productRefGroup = 97FE1E33202DEBBE001CFD70 /* Products */;
			projectDirPath = "";
			projectRoot = "";
			targets = (
				97FE1E31202DEBBE001CFD70 /* WebViewTest */,
			);
		};
/* End PBXProject section */

/* Begin PBXResourcesBuildPhase section */
		97FE1E30202DEBBE001CFD70 /* Resources */ = {
			isa = PBXResourcesBuildPhase;
			buildActionMask = 2147483647;
			files = (
				97FE1E40202DEBBE001CFD70 /* LaunchScreen.storyboard in Resources */,
				97FE1E3D202DEBBE001CFD70 /* Assets.xcassets in Resources */,
				97FE1E3B202DEBBE001CFD70 /* Main.storyboard in Resources */,
			);
			runOnlyForDeploymentPostprocessing = 0;
		};
/* End PBXResourcesBuildPhase section */

/* Begin PBXShellScriptBuildPhase section */
		19F884E357033B6CD762B299 /* [CP] Embed Pods Frameworks */ = {
			isa = PBXShellScriptBuildPhase;
			buildActionMask = 2147483647;
			files = (
			);
			inputPaths = (
			);
			name = "[CP] Embed Pods Frameworks";
			outputPaths = (
			);
			runOnlyForDeploymentPostprocessing = 0;
			shellPath = /bin/sh;
			shellScript = "\"${SRCROOT}/Pods/Target Support Files/Pods-WebViewTest/Pods-WebViewTest-frameworks.sh\"\n";
			showEnvVarsInLog = 0;
		};
		7DF85A139AAC6E8EDAA96952 /* [CP] Copy Pods Resources */ = {
			isa = PBXShellScriptBuildPhase;
			buildActionMask = 2147483647;
			files = (
			);
			inputPaths = (
			);
			name = "[CP] Copy Pods Resources";
			outputPaths = (
			);
			runOnlyForDeploymentPostprocessing = 0;
			shellPath = /bin/sh;
			shellScript = "\"${SRCROOT}/Pods/Target Support Files/Pods-WebViewTest/Pods-WebViewTest-resources.sh\"\n";
			showEnvVarsInLog = 0;
		};
		A17815F038EB25F0CC4E4781 /* [CP] Check Pods Manifest.lock */ = {
			isa = PBXShellScriptBuildPhase;
			buildActionMask = 2147483647;
			files = (
			);
			inputPaths = (
			);
			name = "[CP] Check Pods Manifest.lock";
			outputPaths = (
			);
			runOnlyForDeploymentPostprocessing = 0;
			shellPath = /bin/sh;
			shellScript = "diff \"${PODS_ROOT}/../Podfile.lock\" \"${PODS_ROOT}/Manifest.lock\" > /dev/null\nif [ $? != 0 ] ; then\n    # print error to STDERR\n    echo \"error: The sandbox is not in sync with the Podfile.lock. Run 'pod install' or update your CocoaPods installation.\" >&2\n    exit 1\nfi\n";
			showEnvVarsInLog = 0;
		};
/* End PBXShellScriptBuildPhase section */

/* Begin PBXSourcesBuildPhase section */
		97FE1E2E202DEBBE001CFD70 /* Sources */ = {
			isa = PBXSourcesBuildPhase;
			buildActionMask = 2147483647;
			files = (
				97FE1E38202DEBBE001CFD70 /* ViewController.swift in Sources */,
				97FE1E482031AA50001CFD70 /* NetworkService.swift in Sources */,
				97FE1E36202DEBBE001CFD70 /* AppDelegate.swift in Sources */,
			);
			runOnlyForDeploymentPostprocessing = 0;
		};
/* End PBXSourcesBuildPhase section */

/* Begin PBXVariantGroup section */
		97FE1E39202DEBBE001CFD70 /* Main.storyboard */ = {
			isa = PBXVariantGroup;
			children = (
				97FE1E3A202DEBBE001CFD70 /* Base */,
			);
			name = Main.storyboard;
			sourceTree = "<group>";
		};
		97FE1E3E202DEBBE001CFD70 /* LaunchScreen.storyboard */ = {
			isa = PBXVariantGroup;
			children = (
				97FE1E3F202DEBBE001CFD70 /* Base */,
			);
			name = LaunchScreen.storyboard;
			sourceTree = "<group>";
		};
/* End PBXVariantGroup section */

/* Begin XCBuildConfiguration section */
		97FE1E42202DEBBE001CFD70 /* Debug */ = {
			isa = XCBuildConfiguration;
			buildSettings = {
				ALWAYS_SEARCH_USER_PATHS = NO;
				CLANG_ANALYZER_NONNULL = YES;
				CLANG_ANALYZER_NUMBER_OBJECT_CONVERSION = YES_AGGRESSIVE;
				CLANG_CXX_LANGUAGE_STANDARD = "gnu++14";
				CLANG_CXX_LIBRARY = "libc++";
				CLANG_ENABLE_MODULES = YES;
				CLANG_ENABLE_OBJC_ARC = YES;
				CLANG_WARN_BLOCK_CAPTURE_AUTORELEASING = YES;
				CLANG_WARN_BOOL_CONVERSION = YES;
				CLANG_WARN_COMMA = YES;
				CLANG_WARN_CONSTANT_CONVERSION = YES;
				CLANG_WARN_DIRECT_OBJC_ISA_USAGE = YES_ERROR;
				CLANG_WARN_DOCUMENTATION_COMMENTS = YES;
				CLANG_WARN_EMPTY_BODY = YES;
				CLANG_WARN_ENUM_CONVERSION = YES;
				CLANG_WARN_INFINITE_RECURSION = YES;
				CLANG_WARN_INT_CONVERSION = YES;
				CLANG_WARN_NON_LITERAL_NULL_CONVERSION = YES;
				CLANG_WARN_OBJC_LITERAL_CONVERSION = YES;
				CLANG_WARN_OBJC_ROOT_CLASS = YES_ERROR;
				CLANG_WARN_RANGE_LOOP_ANALYSIS = YES;
				CLANG_WARN_STRICT_PROTOTYPES = YES;
				CLANG_WARN_SUSPICIOUS_MOVE = YES;
				CLANG_WARN_UNGUARDED_AVAILABILITY = YES_AGGRESSIVE;
				CLANG_WARN_UNREACHABLE_CODE = YES;
				CLANG_WARN__DUPLICATE_METHOD_MATCH = YES;
				CODE_SIGN_IDENTITY = "iPhone Developer";
				COPY_PHASE_STRIP = NO;
				DEBUG_INFORMATION_FORMAT = dwarf;
				ENABLE_STRICT_OBJC_MSGSEND = YES;
				ENABLE_TESTABILITY = YES;
				GCC_C_LANGUAGE_STANDARD = gnu11;
				GCC_DYNAMIC_NO_PIC = NO;
				GCC_NO_COMMON_BLOCKS = YES;
				GCC_OPTIMIZATION_LEVEL = 0;
				GCC_PREPROCESSOR_DEFINITIONS = (
					"DEBUG=1",
					"$(inherited)",
				);
				GCC_WARN_64_TO_32_BIT_CONVERSION = YES;
				GCC_WARN_ABOUT_RETURN_TYPE = YES_ERROR;
				GCC_WARN_UNDECLARED_SELECTOR = YES;
				GCC_WARN_UNINITIALIZED_AUTOS = YES_AGGRESSIVE;
				GCC_WARN_UNUSED_FUNCTION = YES;
				GCC_WARN_UNUSED_VARIABLE = YES;
				IPHONEOS_DEPLOYMENT_TARGET = 11.2;
				MTL_ENABLE_DEBUG_INFO = YES;
				ONLY_ACTIVE_ARCH = YES;
				SDKROOT = iphoneos;
				SWIFT_ACTIVE_COMPILATION_CONDITIONS = DEBUG;
				SWIFT_OPTIMIZATION_LEVEL = "-Onone";
			};
			name = Debug;
		};
		97FE1E43202DEBBE001CFD70 /* Release */ = {
			isa = XCBuildConfiguration;
			buildSettings = {
				ALWAYS_SEARCH_USER_PATHS = NO;
				CLANG_ANALYZER_NONNULL = YES;
				CLANG_ANALYZER_NUMBER_OBJECT_CONVERSION = YES_AGGRESSIVE;
				CLANG_CXX_LANGUAGE_STANDARD = "gnu++14";
				CLANG_CXX_LIBRARY = "libc++";
				CLANG_ENABLE_MODULES = YES;
				CLANG_ENABLE_OBJC_ARC = YES;
				CLANG_WARN_BLOCK_CAPTURE_AUTORELEASING = YES;
				CLANG_WARN_BOOL_CONVERSION = YES;
				CLANG_WARN_COMMA = YES;
				CLANG_WARN_CONSTANT_CONVERSION = YES;
				CLANG_WARN_DIRECT_OBJC_ISA_USAGE = YES_ERROR;
				CLANG_WARN_DOCUMENTATION_COMMENTS = YES;
				CLANG_WARN_EMPTY_BODY = YES;
				CLANG_WARN_ENUM_CONVERSION = YES;
				CLANG_WARN_INFINITE_RECURSION = YES;
				CLANG_WARN_INT_CONVERSION = YES;
				CLANG_WARN_NON_LITERAL_NULL_CONVERSION = YES;
				CLANG_WARN_OBJC_LITERAL_CONVERSION = YES;
				CLANG_WARN_OBJC_ROOT_CLASS = YES_ERROR;
				CLANG_WARN_RANGE_LOOP_ANALYSIS = YES;
				CLANG_WARN_STRICT_PROTOTYPES = YES;
				CLANG_WARN_SUSPICIOUS_MOVE = YES;
				CLANG_WARN_UNGUARDED_AVAILABILITY = YES_AGGRESSIVE;
				CLANG_WARN_UNREACHABLE_CODE = YES;
				CLANG_WARN__DUPLICATE_METHOD_MATCH = YES;
				CODE_SIGN_IDENTITY = "iPhone Developer";
				COPY_PHASE_STRIP = NO;
				DEBUG_INFORMATION_FORMAT = "dwarf-with-dsym";
				ENABLE_NS_ASSERTIONS = NO;
				ENABLE_STRICT_OBJC_MSGSEND = YES;
				GCC_C_LANGUAGE_STANDARD = gnu11;
				GCC_NO_COMMON_BLOCKS = YES;
				GCC_WARN_64_TO_32_BIT_CONVERSION = YES;
				GCC_WARN_ABOUT_RETURN_TYPE = YES_ERROR;
				GCC_WARN_UNDECLARED_SELECTOR = YES;
				GCC_WARN_UNINITIALIZED_AUTOS = YES_AGGRESSIVE;
				GCC_WARN_UNUSED_FUNCTION = YES;
				GCC_WARN_UNUSED_VARIABLE = YES;
				IPHONEOS_DEPLOYMENT_TARGET = 11.2;
				MTL_ENABLE_DEBUG_INFO = NO;
				SDKROOT = iphoneos;
				SWIFT_OPTIMIZATION_LEVEL = "-Owholemodule";
				VALIDATE_PRODUCT = YES;
			};
			name = Release;
		};
		97FE1E45202DEBBE001CFD70 /* Debug */ = {
			isa = XCBuildConfiguration;
			baseConfigurationReference = 32C90E6420B3B9D3DA682FF6 /* Pods-WebViewTest.debug.xcconfig */;
			buildSettings = {
				ASSETCATALOG_COMPILER_APPICON_NAME = AppIcon;
				CODE_SIGN_STYLE = Automatic;
				DEVELOPMENT_TEAM = ENA8ANA2C3;
				INFOPLIST_FILE = WebViewTest/Info.plist;
				LD_RUNPATH_SEARCH_PATHS = "$(inherited) @executable_path/Frameworks";
				PRODUCT_BUNDLE_IDENTIFIER = com.manuelschulze.WebViewTest;
				PRODUCT_NAME = "$(TARGET_NAME)";
				SWIFT_VERSION = 4.0;
				TARGETED_DEVICE_FAMILY = "1,2";
			};
			name = Debug;
		};
		97FE1E46202DEBBE001CFD70 /* Release */ = {
			isa = XCBuildConfiguration;
			baseConfigurationReference = 45F72F195BB4F8063CB7BB66 /* Pods-WebViewTest.release.xcconfig */;
			buildSettings = {
				ASSETCATALOG_COMPILER_APPICON_NAME = AppIcon;
				CODE_SIGN_STYLE = Automatic;
				DEVELOPMENT_TEAM = ENA8ANA2C3;
				INFOPLIST_FILE = WebViewTest/Info.plist;
				LD_RUNPATH_SEARCH_PATHS = "$(inherited) @executable_path/Frameworks";
				PRODUCT_BUNDLE_IDENTIFIER = com.manuelschulze.WebViewTest;
				PRODUCT_NAME = "$(TARGET_NAME)";
				SWIFT_VERSION = 4.0;
				TARGETED_DEVICE_FAMILY = "1,2";
			};
			name = Release;
		};
/* End XCBuildConfiguration section */

/* Begin XCConfigurationList section */
		97FE1E2D202DEBBE001CFD70 /* Build configuration list for PBXProject "WebViewTest" */ = {
			isa = XCConfigurationList;
			buildConfigurations = (
				97FE1E42202DEBBE001CFD70 /* Debug */,
				97FE1E43202DEBBE001CFD70 /* Release */,
			);
			defaultConfigurationIsVisible = 0;
			defaultConfigurationName = Release;
		};
		97FE1E44202DEBBE001CFD70 /* Build configuration list for PBXNativeTarget "WebViewTest" */ = {
			isa = XCConfigurationList;
			buildConfigurations = (
				97FE1E45202DEBBE001CFD70 /* Debug */,
				97FE1E46202DEBBE001CFD70 /* Release */,
			);
			defaultConfigurationIsVisible = 0;
			defaultConfigurationName = Release;
		};
/* End XCConfigurationList section */
	};
	rootObject = 97FE1E2A202DEBBE001CFD70 /* Project object */;
}
